
Microsoft Visual Studio Solution File, Format Version 12.00
# Visual Studio 2013
VisualStudioVersion = 12.0.40629.0
MinimumVisualStudioVersion = 10.0.40219.1
Project("{FAE04EC0-301F-11D3-BF4B-00C04F79EFBC}") = "HelloWorld2", "HelloWorld2\HelloWorld2.csproj", "{6C39FDBD-D3DB-41EA-B27D-0EB30542C04E}"
EndProject
Project("{FAE04EC0-301F-11D3-BF4B-00C04F79EFBC}") = "HelloWorld2.Tests", "HelloWorld2.Tests\HelloWorld2.Tests.csproj", "{D95C8F02-AC4C-4A43-9617-178850D31537}"
EndProject
Project("{FAE04EC0-301F-11D3-BF4B-00C04F79EFBC}") = "HelloWorld2.Data", "HelloWorld2.Data\HelloWorld2.Data.csproj", "{202B97F9-AB3A-4D4B-B20F-D866009B5C58}"
EndProject
Project("{FAE04EC0-301F-11D3-BF4B-00C04F79EFBC}") = "HelloWorld2.Model", "HelloWorld2.Models\HelloWorld2.Model.csproj", "{5D16C68C-22FB-4DA5-B4D3-384A219A9C4A}"
EndProject
Global
	GlobalSection(SolutionConfigurationPlatforms) = preSolution
		Debug|Any CPU = Debug|Any CPU
		Release|Any CPU = Release|Any CPU
	EndGlobalSection
	GlobalSection(ProjectConfigurationPlatforms) = postSolution
		{6C39FDBD-D3DB-41EA-B27D-0EB30542C04E}.Debug|Any CPU.ActiveCfg = Debug|Any CPU
		{6C39FDBD-D3DB-41EA-B27D-0EB30542C04E}.Debug|Any CPU.Build.0 = Debug|Any CPU
		{6C39FDBD-D3DB-41EA-B27D-0EB30542C04E}.Release|Any CPU.ActiveCfg = Release|Any CPU
		{6C39FDBD-D3DB-41EA-B27D-0EB30542C04E}.Release|Any CPU.Build.0 = Release|Any CPU
		{D95C8F02-AC4C-4A43-9617-178850D31537}.Debug|Any CPU.ActiveCfg = Debug|Any CPU
		{D95C8F02-AC4C-4A43-9617-178850D31537}.Debug|Any CPU.Build.0 = Debug|Any CPU
		{D95C8F02-AC4C-4A43-9617-178850D31537}.Release|Any CPU.ActiveCfg = Release|Any CPU
		{D95C8F02-AC4C-4A43-9617-178850D31537}.Release|Any CPU.Build.0 = Release|Any CPU
		{202B97F9-AB3A-4D4B-B20F-D866009B5C58}.Debug|Any CPU.ActiveCfg = Debug|Any CPU
		{202B97F9-AB3A-4D4B-B20F-D866009B5C58}.Debug|Any CPU.Build.0 = Debug|Any CPU
		{202B97F9-AB3A-4D4B-B20F-D866009B5C58}.Release|Any CPU.ActiveCfg = Release|Any CPU
		{202B97F9-AB3A-4D4B-B20F-D866009B5C58}.Release|Any CPU.Build.0 = Release|Any CPU
		{5D16C68C-22FB-4DA5-B4D3-384A219A9C4A}.Debug|Any CPU.ActiveCfg = Debug|Any CPU
		{5D16C68C-22FB-4DA5-B4D3-384A219A9C4A}.Debug|Any CPU.Build.0 = Debug|Any CPU
		{5D16C68C-22FB-4DA5-B4D3-384A219A9C4A}.Release|Any CPU.ActiveCfg = Release|Any CPU
		{5D16C68C-22FB-4DA5-B4D3-384A219A9C4A}.Release|Any CPU.Build.0 = Release|Any CPU
	EndGlobalSection
	GlobalSection(SolutionProperties) = preSolution
		HideSolutionNode = FALSE
	EndGlobalSection
EndGlobal
